
Microsoft Visual Studio Solution File, Format Version 12.00
# Visual Studio 15
VisualStudioVersion = 15.0.27130.2036
MinimumVisualStudioVersion = 10.0.40219.1
Project("{9A19103F-16F7-4668-BE54-9A1E7A4F7556}") = "Swastika.Messenger.Lib", "Swastika.Messenger.Lib\Swastika.Messenger.Lib.csproj", "{C6C4F25C-BD26-44FF-952A-1240F03B5EB4}"
EndProject
Project("{9A19103F-16F7-4668-BE54-9A1E7A4F7556}") = "Swastika.Messenger.Web", "Swastika.Messenger.Web\Swastika.Messenger.Web.csproj", "{982D4D07-1CFF-42B1-BEFC-88C969ABDD4F}"
EndProject
Project("{9A19103F-16F7-4668-BE54-9A1E7A4F7556}") = "Swastika.Messenger.Mvc", "Swastika.Messenger.Mvc\Swastika.Messenger.Mvc.csproj", "{0C1F0089-AFB9-4C7E-828D-DFD401CE91FE}"
EndProject
Global
	GlobalSection(SolutionConfigurationPlatforms) = preSolution
		Debug|Any CPU = Debug|Any CPU
		Release|Any CPU = Release|Any CPU
	EndGlobalSection
	GlobalSection(ProjectConfigurationPlatforms) = postSolution
		{C6C4F25C-BD26-44FF-952A-1240F03B5EB4}.Debug|Any CPU.ActiveCfg = Debug|Any CPU
		{C6C4F25C-BD26-44FF-952A-1240F03B5EB4}.Debug|Any CPU.Build.0 = Debug|Any CPU
		{C6C4F25C-BD26-44FF-952A-1240F03B5EB4}.Release|Any CPU.ActiveCfg = Release|Any CPU
		{C6C4F25C-BD26-44FF-952A-1240F03B5EB4}.Release|Any CPU.Build.0 = Release|Any CPU
		{982D4D07-1CFF-42B1-BEFC-88C969ABDD4F}.Debug|Any CPU.ActiveCfg = Debug|Any CPU
		{982D4D07-1CFF-42B1-BEFC-88C969ABDD4F}.Debug|Any CPU.Build.0 = Debug|Any CPU
		{982D4D07-1CFF-42B1-BEFC-88C969ABDD4F}.Release|Any CPU.ActiveCfg = Release|Any CPU
		{982D4D07-1CFF-42B1-BEFC-88C969ABDD4F}.Release|Any CPU.Build.0 = Release|Any CPU
		{0C1F0089-AFB9-4C7E-828D-DFD401CE91FE}.Debug|Any CPU.ActiveCfg = Debug|Any CPU
		{0C1F0089-AFB9-4C7E-828D-DFD401CE91FE}.Debug|Any CPU.Build.0 = Debug|Any CPU
		{0C1F0089-AFB9-4C7E-828D-DFD401CE91FE}.Release|Any CPU.ActiveCfg = Release|Any CPU
		{0C1F0089-AFB9-4C7E-828D-DFD401CE91FE}.Release|Any CPU.Build.0 = Release|Any CPU
	EndGlobalSection
	GlobalSection(SolutionProperties) = preSolution
		HideSolutionNode = FALSE
	EndGlobalSection
	GlobalSection(ExtensibilityGlobals) = postSolution
		SolutionGuid = {B0C429D7-7130-4140-96F2-035B9096B3CD}
	EndGlobalSection
EndGlobal
